
Microsoft Visual Studio Solution File, Format Version 12.00
# Visual Studio 15
VisualStudioVersion = 15.0.27428.2027
MinimumVisualStudioVersion = 10.0.40219.1
Project("{F184B08F-C81C-45F6-A57F-5ABD9991F28F}") = "InterfacePIANODE_USB", "InterfacePIANODE_USB\InterfacePIANODE_USB.vbproj", "{B13991F7-A3CD-4AF9-93CD-147A5A313AC0}"
EndProject
Global
	GlobalSection(SolutionConfigurationPlatforms) = preSolution
		Debug|Any CPU = Debug|Any CPU
		Release|Any CPU = Release|Any CPU
	EndGlobalSection
	GlobalSection(ProjectConfigurationPlatforms) = postSolution
		{B13991F7-A3CD-4AF9-93CD-147A5A313AC0}.Debug|Any CPU.ActiveCfg = Debug|Any CPU
		{B13991F7-A3CD-4AF9-93CD-147A5A313AC0}.Debug|Any CPU.Build.0 = Debug|Any CPU
		{B13991F7-A3CD-4AF9-93CD-147A5A313AC0}.Release|Any CPU.ActiveCfg = Release|Any CPU
		{B13991F7-A3CD-4AF9-93CD-147A5A313AC0}.Release|Any CPU.Build.0 = Release|Any CPU
	EndGlobalSection
	GlobalSection(SolutionProperties) = preSolution
		HideSolutionNode = FALSE
	EndGlobalSection
	GlobalSection(ExtensibilityGlobals) = postSolution
		SolutionGuid = {B1B81DA7-450B-46C5-ACAA-D786FC201056}
	EndGlobalSection
EndGlobal
